---
lockfileVersion: '9.0'

importers:

  .:
    configDependencies:
      '@open-pioneer/pnpm-plugin-defaults':
        specifier: 0.1.0
        version: 0.1.0

packages:

  '@open-pioneer/pnpm-plugin-defaults@0.1.0':
    resolution: {integrity: sha512-+m/wk7B8hZPfiFzM82JBYTD6TbrMHPdgPUITBMHzjlqzCo8YfPHc5NAsURCz/YcMBN5tNANDQDfclYhrsjmClQ==}

snapshots:

  '@open-pioneer/pnpm-plugin-defaults@0.1.0': {}

---
lockfileVersion: '9.0'

settings:
  autoInstallPeers: true
  excludeLinksFromLockfile: false

importers:

  .:
    dependencies:
      react:
        specifier: 19.0.0
        version: 19.0.0

packages:

  react@19.0.0:
    resolution: {integrity: sha512-V8AVnmPIICiWpGfm6GLzCR/W5FXLchHop40W4nXBmdlEceh16rCN8O8LNWm5bh5XUX91fh7KpA+W0TgMKmgTpQ==}
    engines: {node: '>=0.10.0'}

snapshots:

  react@19.0.0: {}

time: {}
